
Microsoft Visual Studio Solution File, Format Version 12.00
# Visual Studio Version 17
VisualStudioVersion = 17.9.34607.119
MinimumVisualStudioVersion = 10.0.40219.1
Project("{FAE04EC0-301F-11D3-BF4B-00C04F79EFBC}") = "LogLoader", "LogLoader\LogLoader.csproj", "{067A38B0-16CE-46E8-BD9E-FE7F13EBB7FB}"
EndProject
Global
	GlobalSection(SolutionConfigurationPlatforms) = preSolution
		Debug|Any CPU = Debug|Any CPU
		Release|Any CPU = Release|Any CPU
	EndGlobalSection
	GlobalSection(ProjectConfigurationPlatforms) = postSolution
		{067A38B0-16CE-46E8-BD9E-FE7F13EBB7FB}.Debug|Any CPU.ActiveCfg = Debug|Any CPU
		{067A38B0-16CE-46E8-BD9E-FE7F13EBB7FB}.Debug|Any CPU.Build.0 = Debug|Any CPU
		{067A38B0-16CE-46E8-BD9E-FE7F13EBB7FB}.Release|Any CPU.ActiveCfg = Release|Any CPU
		{067A38B0-16CE-46E8-BD9E-FE7F13EBB7FB}.Release|Any CPU.Build.0 = Release|Any CPU
	EndGlobalSection
	GlobalSection(SolutionProperties) = preSolution
		HideSolutionNode = FALSE
	EndGlobalSection
	GlobalSection(ExtensibilityGlobals) = postSolution
		SolutionGuid = {37D98511-5B10-4028-B8BF-420E5210FD87}
	EndGlobalSection
EndGlobal
